<?xml version="1.0" encoding="utf-8"?>
<Project ToolsVersion="4.0" xmlns="http://schemas.microsoft.com/developer/msbuild/2003">
  <ItemGroup>
    <Filter Include="Source Files">
      <UniqueIdentifier>{4FC737F1-C7A5-4376-A066-2A32D752A2FF}</UniqueIdentifier>
      <Extensions>cpp;c;cc;cxx;def;odl;idl;hpj;bat;asm;asmx</Extensions>
    </Filter>
    <Filter Include="Header Files">
      <UniqueIdentifier>{93995380-89BD-4b04-88EB-625FBE52EBFB}</UniqueIdentifier>
      <Extensions>h;hh;hpp;hxx;hm;inl;inc;xsd</Extensions>
    </Filter>
    <Filter Include="Resource Files">
      <UniqueIdentifier>{67DA6AB6-F800-4c08-8B7A-83BB121AAD01}</UniqueIdentifier>
      <Extensions>rc;ico;cur;bmp;dlg;rc2;rct;bin;rgs;gif;jpg;jpeg;jpe;resx;tiff;tif;png;wav;mfcribbon-ms</Extensions>
    </Filter>
    <Filter Include="Source Files\DebugTools">
      <UniqueIdentifier>{8b79e838-11ac-4fa6-8ac1-4de0268e03de}</UniqueIdentifier>
    </Filter>
    <Filter Include="Source Files\Core">
      <UniqueIdentifier>{ff46c476-e23c-49e2-843a-813bbcc43355}</UniqueIdentifier>
    </Filter>
    <Filter Include="Source Files\JniHelper">
      <UniqueIdentifier>{6dcc320d-bd99-4b93-9b22-244d56b24ac0}</UniqueIdentifier>
    </Filter>
  </ItemGroup>
  <ItemGroup>
    <ClCompile Include="..\Shared\DebugTools\src\AlvaTimer.c">
      <Filter>Source Files\DebugTools</Filter>
    </ClCompile>
    <ClCompile Include="..\Shared\DebugTools\src\Dump.c">
      <Filter>Source Files\DebugTools</Filter>
    </ClCompile>
    <ClCompile Include="..\..\..\Core\src\AlvaPrediction.c">
      <Filter>Source Files\Core</Filter>
    </ClCompile>
    <ClCompile Include="Main.cpp">
      <Filter>Source Files</Filter>
    </ClCompile>
    <ClCompile Include="..\..\..\Core\src\ConstSpeed.c">
      <Filter>Source Files\Core</Filter>
    </ClCompile>
    <ClCompile Include="..\Shared\JniHelper\src\AndroidHelper.c">
      <Filter>Source Files\JniHelper</Filter>
    </ClCompile>
    <ClCompile Include="..\..\..\Core\src\ConstAcceleration.c">
      <Filter>Source Files\Core</Filter>
    </ClCompile>
  </ItemGroup>
  <ItemGroup>
    <ClInclude Include="..\..\..\Core\include\ConstSpeed.h">
      <Filter>Header Files</Filter>
    </ClInclude>
    <ClInclude Include="..\..\..\Core\include\ConstAcceleration.h">
      <Filter>Header Files</Filter>
    </ClInclude>
  </ItemGroup>
</Project>