<?xml version="1.0" encoding="utf-8"?>
<Project ToolsVersion="4.0" xmlns="http://schemas.microsoft.com/developer/msbuild/2003">
  <PropertyGroup>
    <Shared_Module_Filter_Path>$(SolutionDir)..\..\Shared</Shared_Module_Filter_Path>
  </PropertyGroup>
  <ItemGroup>
    <Filter Include="Source Files">
      <UniqueIdentifier>{4FC737F1-C7A5-4376-A066-2A32D752A2FF}</UniqueIdentifier>
      <Extensions>cpp;c;cc;cxx;def;odl;idl;hpj;bat;asm;asmx</Extensions>
    </Filter>
    <Filter Include="Header Files">
      <UniqueIdentifier>{93995380-89BD-4b04-88EB-625FBE52EBFB}</UniqueIdentifier>
      <Extensions>h;hh;hpp;hxx;hm;inl;inc;xsd</Extensions>
    </Filter>
    <Filter Include="Resource Files">
      <UniqueIdentifier>{67DA6AB6-F800-4c08-8B7A-83BB121AAD01}</UniqueIdentifier>
      <Extensions>rc;ico;cur;bmp;dlg;rc2;rct;bin;rgs;gif;jpg;jpeg;jpe;resx;tiff;tif;png;wav;mfcribbon-ms</Extensions>
    </Filter>
    <Filter Include="Source Files\Project">
      <UniqueIdentifier>{e23f45c2-31aa-4d8e-beea-43c007b6b135}</UniqueIdentifier>
    </Filter>
    <Filter Include="Header Files\Project">
      <UniqueIdentifier>{e23f45c2-31aa-478e-beea-43c007b6b135}</UniqueIdentifier>
    </Filter>
  </ItemGroup>
  <ItemGroup>
    <ClCompile Include="main.cpp">
      <Filter>Source Files</Filter>
    </ClCompile>
    <ClCompile Include="..\..\..\Core\src\ComputeH_Direct.c">
      <Filter>Source Files\Project</Filter>
    </ClCompile>
  </ItemGroup>
  <!--fenglang add: 此属性用于导入Shared工程文件分级-->
  <Import Project="$(SolutionDir)..\..\Shared\Build\Windows\StaticLib.vcxproj.filters" />
  <!--fenglang add: 此属性用于导入Shared工程文件分级********End-->
  <ItemGroup>
    <ClInclude Include="..\..\..\Core\include\ComputeH_Direct.h">
      <Filter>Header Files\Project</Filter>
    </ClInclude>
  </ItemGroup>
</Project>